
Microsoft Visual Studio Solution File, Format Version 12.00
# Visual Studio Version 17
VisualStudioVersion = 17.7.34221.43
MinimumVisualStudioVersion = 10.0.40219.1
Project("{FAE04EC0-301F-11D3-BF4B-00C04F79EFBC}") = "DeleGate", "DeleGate\DeleGate.csproj", "{06F49B24-4289-451B-B6CF-322334DF5985}"
EndProject
Global
	GlobalSection(SolutionConfigurationPlatforms) = preSolution
		Debug|Any CPU = Debug|Any CPU
		Release|Any CPU = Release|Any CPU
	EndGlobalSection
	GlobalSection(ProjectConfigurationPlatforms) = postSolution
		{06F49B24-4289-451B-B6CF-322334DF5985}.Debug|Any CPU.ActiveCfg = Debug|Any CPU
		{06F49B24-4289-451B-B6CF-322334DF5985}.Debug|Any CPU.Build.0 = Debug|Any CPU
		{06F49B24-4289-451B-B6CF-322334DF5985}.Release|Any CPU.ActiveCfg = Release|Any CPU
		{06F49B24-4289-451B-B6CF-322334DF5985}.Release|Any CPU.Build.0 = Release|Any CPU
	EndGlobalSection
	GlobalSection(SolutionProperties) = preSolution
		HideSolutionNode = FALSE
	EndGlobalSection
	GlobalSection(ExtensibilityGlobals) = postSolution
		SolutionGuid = {00009150-0964-4BDE-AAA3-236BA6D7597A}
	EndGlobalSection
EndGlobal
