
Microsoft Visual Studio Solution File, Format Version 12.00
# Visual Studio Version 17
VisualStudioVersion = 17.7.34221.43
MinimumVisualStudioVersion = 10.0.40219.1
Project("{FAE04EC0-301F-11D3-BF4B-00C04F79EFBC}") = "Partial_Class", "Partial_Class\Partial_Class.csproj", "{5E34BDD3-8CAA-48B2-941F-F47C4319F432}"
EndProject
Global
	GlobalSection(SolutionConfigurationPlatforms) = preSolution
		Debug|Any CPU = Debug|Any CPU
		Release|Any CPU = Release|Any CPU
	EndGlobalSection
	GlobalSection(ProjectConfigurationPlatforms) = postSolution
		{5E34BDD3-8CAA-48B2-941F-F47C4319F432}.Debug|Any CPU.ActiveCfg = Debug|Any CPU
		{5E34BDD3-8CAA-48B2-941F-F47C4319F432}.Debug|Any CPU.Build.0 = Debug|Any CPU
		{5E34BDD3-8CAA-48B2-941F-F47C4319F432}.Release|Any CPU.ActiveCfg = Release|Any CPU
		{5E34BDD3-8CAA-48B2-941F-F47C4319F432}.Release|Any CPU.Build.0 = Release|Any CPU
	EndGlobalSection
	GlobalSection(SolutionProperties) = preSolution
		HideSolutionNode = FALSE
	EndGlobalSection
	GlobalSection(ExtensibilityGlobals) = postSolution
		SolutionGuid = {F1D900E8-6DE1-4B63-9CCE-1BEEAB7BA6BB}
	EndGlobalSection
EndGlobal
