
Microsoft Visual Studio Solution File, Format Version 12.00
# Visual Studio Version 17
VisualStudioVersion = 17.10.34928.147
MinimumVisualStudioVersion = 10.0.40219.1
Project("{FAE04EC0-301F-11D3-BF4B-00C04F79EFBC}") = "01_CodeFirstMigration", "01_CodeFirstMigration\01_CodeFirstMigration.csproj", "{75BEB275-FFF1-465E-B6B2-CEBD7BA3B94A}"
EndProject
Global
	GlobalSection(SolutionConfigurationPlatforms) = preSolution
		Debug|Any CPU = Debug|Any CPU
		Release|Any CPU = Release|Any CPU
	EndGlobalSection
	GlobalSection(ProjectConfigurationPlatforms) = postSolution
		{75BEB275-FFF1-465E-B6B2-CEBD7BA3B94A}.Debug|Any CPU.ActiveCfg = Debug|Any CPU
		{75BEB275-FFF1-465E-B6B2-CEBD7BA3B94A}.Debug|Any CPU.Build.0 = Debug|Any CPU
		{75BEB275-FFF1-465E-B6B2-CEBD7BA3B94A}.Release|Any CPU.ActiveCfg = Release|Any CPU
		{75BEB275-FFF1-465E-B6B2-CEBD7BA3B94A}.Release|Any CPU.Build.0 = Release|Any CPU
	EndGlobalSection
	GlobalSection(SolutionProperties) = preSolution
		HideSolutionNode = FALSE
	EndGlobalSection
	GlobalSection(ExtensibilityGlobals) = postSolution
		SolutionGuid = {D11A9531-0164-4FAC-AFB5-35845C7852D5}
	EndGlobalSection
EndGlobal
