
Microsoft Visual Studio Solution File, Format Version 12.00
# Visual Studio Version 17
VisualStudioVersion = 17.10.34928.147
MinimumVisualStudioVersion = 10.0.40219.1
Project("{FAE04EC0-301F-11D3-BF4B-00C04F79EFBC}") = "M7TROJAN.NumberSystem", "M7TROJAN.NumberSystem\M7TROJAN.NumberSystem.csproj", "{F2CCB1A1-A636-486A-8FC0-C40DC73B67B3}"
EndProject
Project("{FAE04EC0-301F-11D3-BF4B-00C04F79EFBC}") = "M7TROJAN.NumberSystem.Test", "M7TROJAN.NumberSystem.Test\M7TROJAN.NumberSystem.Test.csproj", "{A13991C3-877D-4C6A-9CD8-CC44C6BB3B94}"
EndProject
Global
	GlobalSection(SolutionConfigurationPlatforms) = preSolution
		Debug|Any CPU = Debug|Any CPU
		Release|Any CPU = Release|Any CPU
	EndGlobalSection
	GlobalSection(ProjectConfigurationPlatforms) = postSolution
		{F2CCB1A1-A636-486A-8FC0-C40DC73B67B3}.Debug|Any CPU.ActiveCfg = Debug|Any CPU
		{F2CCB1A1-A636-486A-8FC0-C40DC73B67B3}.Debug|Any CPU.Build.0 = Debug|Any CPU
		{F2CCB1A1-A636-486A-8FC0-C40DC73B67B3}.Release|Any CPU.ActiveCfg = Release|Any CPU
		{F2CCB1A1-A636-486A-8FC0-C40DC73B67B3}.Release|Any CPU.Build.0 = Release|Any CPU
		{A13991C3-877D-4C6A-9CD8-CC44C6BB3B94}.Debug|Any CPU.ActiveCfg = Debug|Any CPU
		{A13991C3-877D-4C6A-9CD8-CC44C6BB3B94}.Debug|Any CPU.Build.0 = Debug|Any CPU
		{A13991C3-877D-4C6A-9CD8-CC44C6BB3B94}.Release|Any CPU.ActiveCfg = Release|Any CPU
		{A13991C3-877D-4C6A-9CD8-CC44C6BB3B94}.Release|Any CPU.Build.0 = Release|Any CPU
	EndGlobalSection
	GlobalSection(SolutionProperties) = preSolution
		HideSolutionNode = FALSE
	EndGlobalSection
	GlobalSection(ExtensibilityGlobals) = postSolution
		SolutionGuid = {50EFCDAA-2809-4175-AEB9-32F6D0CDF5AC}
	EndGlobalSection
EndGlobal
