
Microsoft Visual Studio Solution File, Format Version 12.00
# Visual Studio Version 17
VisualStudioVersion = 17.10.34928.147
MinimumVisualStudioVersion = 10.0.40219.1
Project("{9A19103F-16F7-4668-BE54-9A1E7A4F7556}") = "01_ReverseEngineering", "01_ReverseEngineering\01_ReverseEngineering.csproj", "{86CB3AC0-F511-4ED9-ACB8-15D4C953A40C}"
EndProject
Project("{9A19103F-16F7-4668-BE54-9A1E7A4F7556}") = "02_Using DataAnnotations with Scaffold-DbContext", "02_Using DataAnnotations with Scaffold-DbContext\02_Using DataAnnotations with Scaffold-DbContext.csproj", "{9AECA3CD-D26E-4A4D-8E43-CCEAAB1C478E}"
EndProject
Project("{FAE04EC0-301F-11D3-BF4B-00C04F79EFBC}") = "03_ReverseEngineeringNETCLI", "03_ReverseEngineeringNETCLI\03_ReverseEngineeringNETCLI.csproj", "{FE864B59-DAC3-45DC-95B1-FE6B2E9A0663}"
EndProject
Global
	GlobalSection(SolutionConfigurationPlatforms) = preSolution
		Debug|Any CPU = Debug|Any CPU
		Release|Any CPU = Release|Any CPU
	EndGlobalSection
	GlobalSection(ProjectConfigurationPlatforms) = postSolution
		{86CB3AC0-F511-4ED9-ACB8-15D4C953A40C}.Debug|Any CPU.ActiveCfg = Debug|Any CPU
		{86CB3AC0-F511-4ED9-ACB8-15D4C953A40C}.Debug|Any CPU.Build.0 = Debug|Any CPU
		{86CB3AC0-F511-4ED9-ACB8-15D4C953A40C}.Release|Any CPU.ActiveCfg = Release|Any CPU
		{86CB3AC0-F511-4ED9-ACB8-15D4C953A40C}.Release|Any CPU.Build.0 = Release|Any CPU
		{9AECA3CD-D26E-4A4D-8E43-CCEAAB1C478E}.Debug|Any CPU.ActiveCfg = Debug|Any CPU
		{9AECA3CD-D26E-4A4D-8E43-CCEAAB1C478E}.Debug|Any CPU.Build.0 = Debug|Any CPU
		{9AECA3CD-D26E-4A4D-8E43-CCEAAB1C478E}.Release|Any CPU.ActiveCfg = Release|Any CPU
		{9AECA3CD-D26E-4A4D-8E43-CCEAAB1C478E}.Release|Any CPU.Build.0 = Release|Any CPU
		{FE864B59-DAC3-45DC-95B1-FE6B2E9A0663}.Debug|Any CPU.ActiveCfg = Debug|Any CPU
		{FE864B59-DAC3-45DC-95B1-FE6B2E9A0663}.Debug|Any CPU.Build.0 = Debug|Any CPU
		{FE864B59-DAC3-45DC-95B1-FE6B2E9A0663}.Release|Any CPU.ActiveCfg = Release|Any CPU
		{FE864B59-DAC3-45DC-95B1-FE6B2E9A0663}.Release|Any CPU.Build.0 = Release|Any CPU
	EndGlobalSection
	GlobalSection(SolutionProperties) = preSolution
		HideSolutionNode = FALSE
	EndGlobalSection
	GlobalSection(ExtensibilityGlobals) = postSolution
		SolutionGuid = {5722D834-0F7B-4410-9FE8-BC0D258514CB}
	EndGlobalSection
EndGlobal
