
Microsoft Visual Studio Solution File, Format Version 12.00
# Visual Studio Version 17
VisualStudioVersion = 17.10.34928.147
MinimumVisualStudioVersion = 10.0.40219.1
Project("{9A19103F-16F7-4668-BE54-9A1E7A4F7556}") = "ConsoleApp1", "ConsoleApp1\ConsoleApp1.csproj", "{B4C0CA23-3C82-448E-BE45-4B0D777FA3E7}"
EndProject
Global
	GlobalSection(SolutionConfigurationPlatforms) = preSolution
		Debug|Any CPU = Debug|Any CPU
		Release|Any CPU = Release|Any CPU
	EndGlobalSection
	GlobalSection(ProjectConfigurationPlatforms) = postSolution
		{B4C0CA23-3C82-448E-BE45-4B0D777FA3E7}.Debug|Any CPU.ActiveCfg = Debug|Any CPU
		{B4C0CA23-3C82-448E-BE45-4B0D777FA3E7}.Debug|Any CPU.Build.0 = Debug|Any CPU
		{B4C0CA23-3C82-448E-BE45-4B0D777FA3E7}.Release|Any CPU.ActiveCfg = Release|Any CPU
		{B4C0CA23-3C82-448E-BE45-4B0D777FA3E7}.Release|Any CPU.Build.0 = Release|Any CPU
	EndGlobalSection
	GlobalSection(SolutionProperties) = preSolution
		HideSolutionNode = FALSE
	EndGlobalSection
	GlobalSection(ExtensibilityGlobals) = postSolution
		SolutionGuid = {50EFCDAA-2809-4175-AEB9-32F6D0CDF5AC}
	EndGlobalSection
EndGlobal
