
Microsoft Visual Studio Solution File, Format Version 12.00
# Visual Studio Version 17
VisualStudioVersion = 17.8.34525.116
MinimumVisualStudioVersion = 10.0.40219.1
Project("{FAE04EC0-301F-11D3-BF4B-00C04F79EFBC}") = "ValidationUtility", "ValidationUtility\ValidationUtility.csproj", "{58DF6F3A-EF05-4C4A-8219-7B8E17C00096}"
EndProject
Project("{FAE04EC0-301F-11D3-BF4B-00C04F79EFBC}") = "NumberToWordsConverter", "NumberConversionUtility\NumberToWordsConverter.csproj", "{22B65282-E183-42EE-A73B-A73326995F92}"
EndProject
Project("{FAE04EC0-301F-11D3-BF4B-00C04F79EFBC}") = "RandomUtility", "RandomUtility\RandomUtility.csproj", "{5683EC85-8749-4F4E-AD97-8948E94625D4}"
EndProject
Project("{FAE04EC0-301F-11D3-BF4B-00C04F79EFBC}") = "ArrayUtility", "ArrayUtility\ArrayUtility.csproj", "{701297F1-6A15-4A3C-86EA-F59A8F76E996}"
EndProject
Project("{FAE04EC0-301F-11D3-BF4B-00C04F79EFBC}") = "EncryptionUtility", "EncryptionUtility\EncryptionUtility.csproj", "{158CA68D-04C9-4ACE-8C70-E3DD260A73D8}"
EndProject
Global
	GlobalSection(SolutionConfigurationPlatforms) = preSolution
		Debug|Any CPU = Debug|Any CPU
		Release|Any CPU = Release|Any CPU
	EndGlobalSection
	GlobalSection(ProjectConfigurationPlatforms) = postSolution
		{58DF6F3A-EF05-4C4A-8219-7B8E17C00096}.Debug|Any CPU.ActiveCfg = Debug|Any CPU
		{58DF6F3A-EF05-4C4A-8219-7B8E17C00096}.Debug|Any CPU.Build.0 = Debug|Any CPU
		{58DF6F3A-EF05-4C4A-8219-7B8E17C00096}.Release|Any CPU.ActiveCfg = Release|Any CPU
		{58DF6F3A-EF05-4C4A-8219-7B8E17C00096}.Release|Any CPU.Build.0 = Release|Any CPU
		{22B65282-E183-42EE-A73B-A73326995F92}.Debug|Any CPU.ActiveCfg = Debug|Any CPU
		{22B65282-E183-42EE-A73B-A73326995F92}.Debug|Any CPU.Build.0 = Debug|Any CPU
		{22B65282-E183-42EE-A73B-A73326995F92}.Release|Any CPU.ActiveCfg = Release|Any CPU
		{22B65282-E183-42EE-A73B-A73326995F92}.Release|Any CPU.Build.0 = Release|Any CPU
		{5683EC85-8749-4F4E-AD97-8948E94625D4}.Debug|Any CPU.ActiveCfg = Debug|Any CPU
		{5683EC85-8749-4F4E-AD97-8948E94625D4}.Debug|Any CPU.Build.0 = Debug|Any CPU
		{5683EC85-8749-4F4E-AD97-8948E94625D4}.Release|Any CPU.ActiveCfg = Release|Any CPU
		{5683EC85-8749-4F4E-AD97-8948E94625D4}.Release|Any CPU.Build.0 = Release|Any CPU
		{701297F1-6A15-4A3C-86EA-F59A8F76E996}.Debug|Any CPU.ActiveCfg = Debug|Any CPU
		{701297F1-6A15-4A3C-86EA-F59A8F76E996}.Debug|Any CPU.Build.0 = Debug|Any CPU
		{701297F1-6A15-4A3C-86EA-F59A8F76E996}.Release|Any CPU.ActiveCfg = Release|Any CPU
		{701297F1-6A15-4A3C-86EA-F59A8F76E996}.Release|Any CPU.Build.0 = Release|Any CPU
		{158CA68D-04C9-4ACE-8C70-E3DD260A73D8}.Debug|Any CPU.ActiveCfg = Debug|Any CPU
		{158CA68D-04C9-4ACE-8C70-E3DD260A73D8}.Debug|Any CPU.Build.0 = Debug|Any CPU
		{158CA68D-04C9-4ACE-8C70-E3DD260A73D8}.Release|Any CPU.ActiveCfg = Release|Any CPU
		{158CA68D-04C9-4ACE-8C70-E3DD260A73D8}.Release|Any CPU.Build.0 = Release|Any CPU
	EndGlobalSection
	GlobalSection(SolutionProperties) = preSolution
		HideSolutionNode = FALSE
	EndGlobalSection
	GlobalSection(ExtensibilityGlobals) = postSolution
		SolutionGuid = {58BC7393-6172-4BE0-AE0E-704B3E346E88}
	EndGlobalSection
EndGlobal
