
Microsoft Visual Studio Solution File, Format Version 12.00
# Visual Studio Version 17
VisualStudioVersion = 17.10.34928.147
MinimumVisualStudioVersion = 10.0.40219.1
Project("{FAE04EC0-301F-11D3-BF4B-00C04F79EFBC}") = "02_CodeFirstMigration", "02_CodeFirstMigration\02_CodeFirstMigration.csproj", "{847D0BE3-B809-4C92-9E29-26561A895295}"
EndProject
Global
	GlobalSection(SolutionConfigurationPlatforms) = preSolution
		Debug|Any CPU = Debug|Any CPU
		Release|Any CPU = Release|Any CPU
	EndGlobalSection
	GlobalSection(ProjectConfigurationPlatforms) = postSolution
		{847D0BE3-B809-4C92-9E29-26561A895295}.Debug|Any CPU.ActiveCfg = Debug|Any CPU
		{847D0BE3-B809-4C92-9E29-26561A895295}.Debug|Any CPU.Build.0 = Debug|Any CPU
		{847D0BE3-B809-4C92-9E29-26561A895295}.Release|Any CPU.ActiveCfg = Release|Any CPU
		{847D0BE3-B809-4C92-9E29-26561A895295}.Release|Any CPU.Build.0 = Release|Any CPU
	EndGlobalSection
	GlobalSection(SolutionProperties) = preSolution
		HideSolutionNode = FALSE
	EndGlobalSection
	GlobalSection(ExtensibilityGlobals) = postSolution
		SolutionGuid = {D235B197-CA72-4019-9220-A4A1CCC48F24}
	EndGlobalSection
EndGlobal
